
Microsoft Visual Studio Solution File, Format Version 12.00
# Visual Studio Version 16
VisualStudioVersion = 16.0.29613.14
MinimumVisualStudioVersion = 10.0.40219.1
Project("{FAE04EC0-301F-11D3-BF4B-00C04F79EFBC}") = "Battlegrounds Match Data", "Battlegrounds Match Data\Battlegrounds Match Data.csproj", "{7A8DB93F-78FE-45E5-B061-51B8EACE39EA}"
EndProject
Global
	GlobalSection(SolutionConfigurationPlatforms) = preSolution
		Debug|Any CPU = Debug|Any CPU
		Release|Any CPU = Release|Any CPU
	EndGlobalSection
	GlobalSection(ProjectConfigurationPlatforms) = postSolution
		{7A8DB93F-78FE-45E5-B061-51B8EACE39EA}.Debug|Any CPU.ActiveCfg = Debug|Any CPU
		{7A8DB93F-78FE-45E5-B061-51B8EACE39EA}.Debug|Any CPU.Build.0 = Debug|Any CPU
		{7A8DB93F-78FE-45E5-B061-51B8EACE39EA}.Release|Any CPU.ActiveCfg = Release|Any CPU
		{7A8DB93F-78FE-45E5-B061-51B8EACE39EA}.Release|Any CPU.Build.0 = Release|Any CPU
	EndGlobalSection
	GlobalSection(SolutionProperties) = preSolution
		HideSolutionNode = FALSE
	EndGlobalSection
	GlobalSection(ExtensibilityGlobals) = postSolution
		SolutionGuid = {6085BA68-5994-45FB-8E66-FAD953C886F5}
	EndGlobalSection
EndGlobal
